
Microsoft Visual Studio Solution File, Format Version 12.00
# Visual Studio Version 17
VisualStudioVersion = 17.3.32901.215
MinimumVisualStudioVersion = 10.0.40219.1
Project("{FAE04EC0-301F-11D3-BF4B-00C04F79EFBC}") = "UserRegistration", "UserRegistration\UserRegistration.csproj", "{78F8C6BA-F279-4814-823E-5A09F0EB4DC3}"
EndProject
Global
	GlobalSection(SolutionConfigurationPlatforms) = preSolution
		Debug|Any CPU = Debug|Any CPU
		Release|Any CPU = Release|Any CPU
	EndGlobalSection
	GlobalSection(ProjectConfigurationPlatforms) = postSolution
		{78F8C6BA-F279-4814-823E-5A09F0EB4DC3}.Debug|Any CPU.ActiveCfg = Debug|Any CPU
		{78F8C6BA-F279-4814-823E-5A09F0EB4DC3}.Debug|Any CPU.Build.0 = Debug|Any CPU
		{78F8C6BA-F279-4814-823E-5A09F0EB4DC3}.Release|Any CPU.ActiveCfg = Release|Any CPU
		{78F8C6BA-F279-4814-823E-5A09F0EB4DC3}.Release|Any CPU.Build.0 = Release|Any CPU
	EndGlobalSection
	GlobalSection(SolutionProperties) = preSolution
		HideSolutionNode = FALSE
	EndGlobalSection
	GlobalSection(ExtensibilityGlobals) = postSolution
		SolutionGuid = {806CBB53-4CF7-4F65-ADB0-A13F19D90457}
	EndGlobalSection
EndGlobal
